schema: '2.0'
stages:
  preprocess:
    cmd: python src/data_processing.py --train_input data/raw/train.csv 
      --test_input data/raw/test.csv --output_path data/processed
    deps:
    - path: data/raw/test.csv
      hash: md5
      md5: 7533b82eae4b582610cbd68aa636b017
      size: 28629
    - path: data/raw/train.csv
      hash: md5
      md5: 2309cc5f04782ed9bb6016d9f4e381cf
      size: 61194
    - path: src/data_processing.py
      hash: md5
      md5: 9b2d3b0c4cd639b2548834d9069a46e4
      size: 3203
    outs:
    - path: data/processed
      hash: md5
      md5: aa0b7dce6d485b0cb7842ef8c6addca6.dir
      size: 12518
      nfiles: 8
  train:
    cmd: python src/train.py --train_data data/processed/train --model_out 
      model/model.joblib
    deps:
    - path: data/processed
      hash: md5
      md5: aa0b7dce6d485b0cb7842ef8c6addca6.dir
      size: 12518
      nfiles: 8
    - path: src/train.py
      hash: md5
      md5: 1af8cf67f0b020a6794e58df583e9258
      size: 2766
    outs:
    - path: metrics.json
      hash: md5
      md5: 2363ef27e765e40aa04c604950b190d6
      size: 77
    - path: model/model.joblib
      hash: md5
      md5: 80850c520d98eb69a07f3c49d177ad61
      size: 5401
